// !$*UTF8*$!
{
	archiveVersion = 1;
	classes = {
	};
	objectVersion = 56;
	objects = {

/* Begin PBXBuildFile section */
		EB0CF25C295BBA92000E96B7 /* ReduxJPApp.swift in Sources */ = {isa = PBXBuildFile; fileRef = EB0CF25B295BBA92000E96B7 /* ReduxJPApp.swift */; };
		EB0CF25E295BBA92000E96B7 /* UsersView.swift in Sources */ = {isa = PBXBuildFile; fileRef = EB0CF25D295BBA92000E96B7 /* UsersView.swift */; };
		EB0CF260295BBA93000E96B7 /* Assets.xcassets in Resources */ = {isa = PBXBuildFile; fileRef = EB0CF25F295BBA93000E96B7 /* Assets.xcassets */; };
		EB0CF263295BBA93000E96B7 /* Preview Assets.xcassets in Resources */ = {isa = PBXBuildFile; fileRef = EB0CF262295BBA93000E96B7 /* Preview Assets.xcassets */; };
		EB0CF26B295BBAF4000E96B7 /* ReduxFramework.swift in Sources */ = {isa = PBXBuildFile; fileRef = EB0CF26A295BBAF4000E96B7 /* ReduxFramework.swift */; };
		EB0CF26F295BBFE2000E96B7 /* AppState.swift in Sources */ = {isa = PBXBuildFile; fileRef = EB0CF26E295BBFE2000E96B7 /* AppState.swift */; };
		EB0CF272295BC004000E96B7 /* UsersState.swift in Sources */ = {isa = PBXBuildFile; fileRef = EB0CF271295BC004000E96B7 /* UsersState.swift */; };
		EB0CF277295BC447000E96B7 /* AppReducer.swift in Sources */ = {isa = PBXBuildFile; fileRef = EB0CF276295BC447000E96B7 /* AppReducer.swift */; };
		EB0CF27A295BC804000E96B7 /* AlbumsState.swift in Sources */ = {isa = PBXBuildFile; fileRef = EB0CF279295BC804000E96B7 /* AlbumsState.swift */; };
		EB0CF281295BD00E000E96B7 /* NetworkService.swift in Sources */ = {isa = PBXBuildFile; fileRef = EB0CF280295BD00E000E96B7 /* NetworkService.swift */; };
		EB0CF288295BE108000E96B7 /* RESTServiceable.swift in Sources */ = {isa = PBXBuildFile; fileRef = EB0CF287295BE108000E96B7 /* RESTServiceable.swift */; };
		EB0CF28C295BE2C7000E96B7 /* RESTService.swift in Sources */ = {isa = PBXBuildFile; fileRef = EB0CF28B295BE2C7000E96B7 /* RESTService.swift */; };
		EB0CF28E295C958C000E96B7 /* PreviewHelper.swift in Sources */ = {isa = PBXBuildFile; fileRef = EB0CF28D295C958C000E96B7 /* PreviewHelper.swift */; };
		EB0CF291295C9C1D000E96B7 /* Log.swift in Sources */ = {isa = PBXBuildFile; fileRef = EB0CF290295C9C1D000E96B7 /* Log.swift */; };
		EB0CF293295CA4A1000E96B7 /* NetworkServiceable.swift in Sources */ = {isa = PBXBuildFile; fileRef = EB0CF292295CA4A1000E96B7 /* NetworkServiceable.swift */; };
		EB0CF295295CAAFB000E96B7 /* UsersReducer.swift in Sources */ = {isa = PBXBuildFile; fileRef = EB0CF294295CAAFB000E96B7 /* UsersReducer.swift */; };
		EB0CF297295CAB42000E96B7 /* UsersActions.swift in Sources */ = {isa = PBXBuildFile; fileRef = EB0CF296295CAB42000E96B7 /* UsersActions.swift */; };
		EB0CF299295CAD44000E96B7 /* UsersMiddleware.swift in Sources */ = {isa = PBXBuildFile; fileRef = EB0CF298295CAD44000E96B7 /* UsersMiddleware.swift */; };
		EB0CF29C295FACF8000E96B7 /* AlbumsReducer.swift in Sources */ = {isa = PBXBuildFile; fileRef = EB0CF29B295FACF8000E96B7 /* AlbumsReducer.swift */; };
		EB0CF29E295FAD4F000E96B7 /* AlbumsMiddleware.swift in Sources */ = {isa = PBXBuildFile; fileRef = EB0CF29D295FAD4F000E96B7 /* AlbumsMiddleware.swift */; };
		EB0CF2A0295FADCE000E96B7 /* AlbumsView.swift in Sources */ = {isa = PBXBuildFile; fileRef = EB0CF29F295FADCE000E96B7 /* AlbumsView.swift */; };
		EB0CF2A2295FAE4E000E96B7 /* AlbumsActions.swift in Sources */ = {isa = PBXBuildFile; fileRef = EB0CF2A1295FAE4E000E96B7 /* AlbumsActions.swift */; };
		EB0CF2A4295FB179000E96B7 /* Logger+Albums.swift in Sources */ = {isa = PBXBuildFile; fileRef = EB0CF2A3295FB179000E96B7 /* Logger+Albums.swift */; };
		EB0CF2A6295FBEDA000E96B7 /* AlbumPhotosView.swift in Sources */ = {isa = PBXBuildFile; fileRef = EB0CF2A5295FBEDA000E96B7 /* AlbumPhotosView.swift */; };
		EBC1F470295FD84900D44295 /* ScrollableLazyVGrid.swift in Sources */ = {isa = PBXBuildFile; fileRef = EBC1F46F295FD84900D44295 /* ScrollableLazyVGrid.swift */; };
		EBC1F473295FE41200D44295 /* ThumbnailAsyncImage.swift in Sources */ = {isa = PBXBuildFile; fileRef = EBC1F472295FE41200D44295 /* ThumbnailAsyncImage.swift */; };
/* End PBXBuildFile section */

/* Begin PBXFileReference section */
		EB0CF258295BBA92000E96B7 /* ReduxJP.app */ = {isa = PBXFileReference; explicitFileType = wrapper.application; includeInIndex = 0; path = ReduxJP.app; sourceTree = BUILT_PRODUCTS_DIR; };
		EB0CF25B295BBA92000E96B7 /* ReduxJPApp.swift */ = {isa = PBXFileReference; lastKnownFileType = sourcecode.swift; path = ReduxJPApp.swift; sourceTree = "<group>"; };
		EB0CF25D295BBA92000E96B7 /* UsersView.swift */ = {isa = PBXFileReference; lastKnownFileType = sourcecode.swift; path = UsersView.swift; sourceTree = "<group>"; };
		EB0CF25F295BBA93000E96B7 /* Assets.xcassets */ = {isa = PBXFileReference; lastKnownFileType = folder.assetcatalog; path = Assets.xcassets; sourceTree = "<group>"; };
		EB0CF262295BBA93000E96B7 /* Preview Assets.xcassets */ = {isa = PBXFileReference; lastKnownFileType = folder.assetcatalog; path = "Preview Assets.xcassets"; sourceTree = "<group>"; };
		EB0CF26A295BBAF4000E96B7 /* ReduxFramework.swift */ = {isa = PBXFileReference; lastKnownFileType = sourcecode.swift; path = ReduxFramework.swift; sourceTree = "<group>"; };
		EB0CF26E295BBFE2000E96B7 /* AppState.swift */ = {isa = PBXFileReference; lastKnownFileType = sourcecode.swift; path = AppState.swift; sourceTree = "<group>"; };
		EB0CF271295BC004000E96B7 /* UsersState.swift */ = {isa = PBXFileReference; lastKnownFileType = sourcecode.swift; path = UsersState.swift; sourceTree = "<group>"; };
		EB0CF276295BC447000E96B7 /* AppReducer.swift */ = {isa = PBXFileReference; lastKnownFileType = sourcecode.swift; path = AppReducer.swift; sourceTree = "<group>"; };
		EB0CF279295BC804000E96B7 /* AlbumsState.swift */ = {isa = PBXFileReference; lastKnownFileType = sourcecode.swift; path = AlbumsState.swift; sourceTree = "<group>"; };
		EB0CF280295BD00E000E96B7 /* NetworkService.swift */ = {isa = PBXFileReference; lastKnownFileType = sourcecode.swift; path = NetworkService.swift; sourceTree = "<group>"; };
		EB0CF287295BE108000E96B7 /* RESTServiceable.swift */ = {isa = PBXFileReference; lastKnownFileType = sourcecode.swift; path = RESTServiceable.swift; sourceTree = "<group>"; };
		EB0CF28B295BE2C7000E96B7 /* RESTService.swift */ = {isa = PBXFileReference; lastKnownFileType = sourcecode.swift; path = RESTService.swift; sourceTree = "<group>"; };
		EB0CF28D295C958C000E96B7 /* PreviewHelper.swift */ = {isa = PBXFileReference; lastKnownFileType = sourcecode.swift; path = PreviewHelper.swift; sourceTree = "<group>"; };
		EB0CF290295C9C1D000E96B7 /* Log.swift */ = {isa = PBXFileReference; lastKnownFileType = sourcecode.swift; path = Log.swift; sourceTree = "<group>"; };
		EB0CF292295CA4A1000E96B7 /* NetworkServiceable.swift */ = {isa = PBXFileReference; lastKnownFileType = sourcecode.swift; path = NetworkServiceable.swift; sourceTree = "<group>"; };
		EB0CF294295CAAFB000E96B7 /* UsersReducer.swift */ = {isa = PBXFileReference; lastKnownFileType = sourcecode.swift; path = UsersReducer.swift; sourceTree = "<group>"; };
		EB0CF296295CAB42000E96B7 /* UsersActions.swift */ = {isa = PBXFileReference; lastKnownFileType = sourcecode.swift; path = UsersActions.swift; sourceTree = "<group>"; };
		EB0CF298295CAD44000E96B7 /* UsersMiddleware.swift */ = {isa = PBXFileReference; lastKnownFileType = sourcecode.swift; path = UsersMiddleware.swift; sourceTree = "<group>"; };
		EB0CF29A295CAFDA000E96B7 /* Info.plist */ = {isa = PBXFileReference; lastKnownFileType = text.plist; path = Info.plist; sourceTree = "<group>"; };
		EB0CF29B295FACF8000E96B7 /* AlbumsReducer.swift */ = {isa = PBXFileReference; lastKnownFileType = sourcecode.swift; path = AlbumsReducer.swift; sourceTree = "<group>"; };
		EB0CF29D295FAD4F000E96B7 /* AlbumsMiddleware.swift */ = {isa = PBXFileReference; lastKnownFileType = sourcecode.swift; path = AlbumsMiddleware.swift; sourceTree = "<group>"; };
		EB0CF29F295FADCE000E96B7 /* AlbumsView.swift */ = {isa = PBXFileReference; lastKnownFileType = sourcecode.swift; path = AlbumsView.swift; sourceTree = "<group>"; };
		EB0CF2A1295FAE4E000E96B7 /* AlbumsActions.swift */ = {isa = PBXFileReference; lastKnownFileType = sourcecode.swift; path = AlbumsActions.swift; sourceTree = "<group>"; };
		EB0CF2A3295FB179000E96B7 /* Logger+Albums.swift */ = {isa = PBXFileReference; lastKnownFileType = sourcecode.swift; path = "Logger+Albums.swift"; sourceTree = "<group>"; };
		EB0CF2A5295FBEDA000E96B7 /* AlbumPhotosView.swift */ = {isa = PBXFileReference; lastKnownFileType = sourcecode.swift; path = AlbumPhotosView.swift; sourceTree = "<group>"; };
		EBC1F46F295FD84900D44295 /* ScrollableLazyVGrid.swift */ = {isa = PBXFileReference; lastKnownFileType = sourcecode.swift; path = ScrollableLazyVGrid.swift; sourceTree = "<group>"; };
		EBC1F472295FE41200D44295 /* ThumbnailAsyncImage.swift */ = {isa = PBXFileReference; lastKnownFileType = sourcecode.swift; path = ThumbnailAsyncImage.swift; sourceTree = "<group>"; };
/* End PBXFileReference section */

/* Begin PBXFrameworksBuildPhase section */
		EB0CF255295BBA92000E96B7 /* Frameworks */ = {
			isa = PBXFrameworksBuildPhase;
			buildActionMask = 2147483647;
			files = (
			);
			runOnlyForDeploymentPostprocessing = 0;
		};
/* End PBXFrameworksBuildPhase section */

/* Begin PBXGroup section */
		EB0CF24F295BBA92000E96B7 = {
			isa = PBXGroup;
			children = (
				EB0CF25A295BBA92000E96B7 /* ReduxJP */,
				EB0CF259295BBA92000E96B7 /* Products */,
			);
			sourceTree = "<group>";
		};
		EB0CF259295BBA92000E96B7 /* Products */ = {
			isa = PBXGroup;
			children = (
				EB0CF258295BBA92000E96B7 /* ReduxJP.app */,
			);
			name = Products;
			sourceTree = "<group>";
		};
		EB0CF25A295BBA92000E96B7 /* ReduxJP */ = {
			isa = PBXGroup;
			children = (
				EB0CF29A295CAFDA000E96B7 /* Info.plist */,
				EB0CF27B295BCE6A000E96B7 /* Services */,
				EB0CF26C295BBFC8000E96B7 /* Modules */,
				EB0CF269295BBAE3000E96B7 /* Redux */,
				EBC1F471295FE3C000D44295 /* View */,
				EB0CF25B295BBA92000E96B7 /* ReduxJPApp.swift */,
				EB0CF29F295FADCE000E96B7 /* AlbumsView.swift */,
				EB0CF2A5295FBEDA000E96B7 /* AlbumPhotosView.swift */,
				EB0CF25D295BBA92000E96B7 /* UsersView.swift */,
				EB0CF25F295BBA93000E96B7 /* Assets.xcassets */,
				EB0CF261295BBA93000E96B7 /* Preview Content */,
			);
			path = ReduxJP;
			sourceTree = "<group>";
		};
		EB0CF261295BBA93000E96B7 /* Preview Content */ = {
			isa = PBXGroup;
			children = (
				EB0CF28D295C958C000E96B7 /* PreviewHelper.swift */,
				EB0CF262295BBA93000E96B7 /* Preview Assets.xcassets */,
			);
			path = "Preview Content";
			sourceTree = "<group>";
		};
		EB0CF269295BBAE3000E96B7 /* Redux */ = {
			isa = PBXGroup;
			children = (
				EB0CF26A295BBAF4000E96B7 /* ReduxFramework.swift */,
			);
			path = Redux;
			sourceTree = "<group>";
		};
		EB0CF26C295BBFC8000E96B7 /* Modules */ = {
			isa = PBXGroup;
			children = (
				EB0CF26D295BBFD6000E96B7 /* Application */,
				EB0CF278295BC7E8000E96B7 /* Albums */,
				EB0CF270295BBFF6000E96B7 /* Users */,
			);
			path = Modules;
			sourceTree = "<group>";
		};
		EB0CF26D295BBFD6000E96B7 /* Application */ = {
			isa = PBXGroup;
			children = (
				EB0CF26E295BBFE2000E96B7 /* AppState.swift */,
				EB0CF276295BC447000E96B7 /* AppReducer.swift */,
			);
			path = Application;
			sourceTree = "<group>";
		};
		EB0CF270295BBFF6000E96B7 /* Users */ = {
			isa = PBXGroup;
			children = (
				EB0CF271295BC004000E96B7 /* UsersState.swift */,
				EB0CF294295CAAFB000E96B7 /* UsersReducer.swift */,
				EB0CF296295CAB42000E96B7 /* UsersActions.swift */,
				EB0CF298295CAD44000E96B7 /* UsersMiddleware.swift */,
			);
			path = Users;
			sourceTree = "<group>";
		};
		EB0CF278295BC7E8000E96B7 /* Albums */ = {
			isa = PBXGroup;
			children = (
				EB0CF279295BC804000E96B7 /* AlbumsState.swift */,
				EB0CF29B295FACF8000E96B7 /* AlbumsReducer.swift */,
				EB0CF29D295FAD4F000E96B7 /* AlbumsMiddleware.swift */,
				EB0CF2A1295FAE4E000E96B7 /* AlbumsActions.swift */,
				EB0CF2A3295FB179000E96B7 /* Logger+Albums.swift */,
			);
			path = Albums;
			sourceTree = "<group>";
		};
		EB0CF27B295BCE6A000E96B7 /* Services */ = {
			isa = PBXGroup;
			children = (
				EB0CF28F295C9BFC000E96B7 /* Logger */,
				EB0CF27C295BCE73000E96B7 /* Networking */,
				EB0CF28A295BE292000E96B7 /* RESTService */,
			);
			path = Services;
			sourceTree = "<group>";
		};
		EB0CF27C295BCE73000E96B7 /* Networking */ = {
			isa = PBXGroup;
			children = (
				EB0CF280295BD00E000E96B7 /* NetworkService.swift */,
				EB0CF292295CA4A1000E96B7 /* NetworkServiceable.swift */,
			);
			path = Networking;
			sourceTree = "<group>";
		};
		EB0CF28A295BE292000E96B7 /* RESTService */ = {
			isa = PBXGroup;
			children = (
				EB0CF287295BE108000E96B7 /* RESTServiceable.swift */,
				EB0CF28B295BE2C7000E96B7 /* RESTService.swift */,
			);
			path = RESTService;
			sourceTree = "<group>";
		};
		EB0CF28F295C9BFC000E96B7 /* Logger */ = {
			isa = PBXGroup;
			children = (
				EB0CF290295C9C1D000E96B7 /* Log.swift */,
			);
			path = Logger;
			sourceTree = "<group>";
		};
		EBC1F471295FE3C000D44295 /* View */ = {
			isa = PBXGroup;
			children = (
				EBC1F46F295FD84900D44295 /* ScrollableLazyVGrid.swift */,
				EBC1F472295FE41200D44295 /* ThumbnailAsyncImage.swift */,
			);
			path = View;
			sourceTree = "<group>";
		};
/* End PBXGroup section */

/* Begin PBXNativeTarget section */
		EB0CF257295BBA92000E96B7 /* ReduxJP */ = {
			isa = PBXNativeTarget;
			buildConfigurationList = EB0CF266295BBA93000E96B7 /* Build configuration list for PBXNativeTarget "ReduxJP" */;
			buildPhases = (
				EB0CF254295BBA92000E96B7 /* Sources */,
				EB0CF255295BBA92000E96B7 /* Frameworks */,
				EB0CF256295BBA92000E96B7 /* Resources */,
			);
			buildRules = (
			);
			dependencies = (
			);
			name = ReduxJP;
			productName = ReduxJP;
			productReference = EB0CF258295BBA92000E96B7 /* ReduxJP.app */;
			productType = "com.apple.product-type.application";
		};
/* End PBXNativeTarget section */

/* Begin PBXProject section */
		EB0CF250295BBA92000E96B7 /* Project object */ = {
			isa = PBXProject;
			attributes = {
				BuildIndependentTargetsInParallel = 1;
				LastSwiftUpdateCheck = 1420;
				LastUpgradeCheck = 1420;
				TargetAttributes = {
					EB0CF257295BBA92000E96B7 = {
						CreatedOnToolsVersion = 14.2;
					};
				};
			};
			buildConfigurationList = EB0CF253295BBA92000E96B7 /* Build configuration list for PBXProject "ReduxJP" */;
			compatibilityVersion = "Xcode 14.0";
			developmentRegion = en;
			hasScannedForEncodings = 0;
			knownRegions = (
				en,
				Base,
			);
			mainGroup = EB0CF24F295BBA92000E96B7;
			productRefGroup = EB0CF259295BBA92000E96B7 /* Products */;
			projectDirPath = "";
			projectRoot = "";
			targets = (
				EB0CF257295BBA92000E96B7 /* ReduxJP */,
			);
		};
/* End PBXProject section */

/* Begin PBXResourcesBuildPhase section */
		EB0CF256295BBA92000E96B7 /* Resources */ = {
			isa = PBXResourcesBuildPhase;
			buildActionMask = 2147483647;
			files = (
				EB0CF263295BBA93000E96B7 /* Preview Assets.xcassets in Resources */,
				EB0CF260295BBA93000E96B7 /* Assets.xcassets in Resources */,
			);
			runOnlyForDeploymentPostprocessing = 0;
		};
/* End PBXResourcesBuildPhase section */

/* Begin PBXSourcesBuildPhase section */
		EB0CF254295BBA92000E96B7 /* Sources */ = {
			isa = PBXSourcesBuildPhase;
			buildActionMask = 2147483647;
			files = (
				EB0CF281295BD00E000E96B7 /* NetworkService.swift in Sources */,
				EBC1F473295FE41200D44295 /* ThumbnailAsyncImage.swift in Sources */,
				EB0CF25E295BBA92000E96B7 /* UsersView.swift in Sources */,
				EB0CF293295CA4A1000E96B7 /* NetworkServiceable.swift in Sources */,
				EB0CF2A2295FAE4E000E96B7 /* AlbumsActions.swift in Sources */,
				EB0CF291295C9C1D000E96B7 /* Log.swift in Sources */,
				EB0CF29C295FACF8000E96B7 /* AlbumsReducer.swift in Sources */,
				EB0CF27A295BC804000E96B7 /* AlbumsState.swift in Sources */,
				EB0CF2A0295FADCE000E96B7 /* AlbumsView.swift in Sources */,
				EBC1F470295FD84900D44295 /* ScrollableLazyVGrid.swift in Sources */,
				EB0CF26B295BBAF4000E96B7 /* ReduxFramework.swift in Sources */,
				EB0CF299295CAD44000E96B7 /* UsersMiddleware.swift in Sources */,
				EB0CF277295BC447000E96B7 /* AppReducer.swift in Sources */,
				EB0CF295295CAAFB000E96B7 /* UsersReducer.swift in Sources */,
				EB0CF25C295BBA92000E96B7 /* ReduxJPApp.swift in Sources */,
				EB0CF2A4295FB179000E96B7 /* Logger+Albums.swift in Sources */,
				EB0CF28E295C958C000E96B7 /* PreviewHelper.swift in Sources */,
				EB0CF26F295BBFE2000E96B7 /* AppState.swift in Sources */,
				EB0CF272295BC004000E96B7 /* UsersState.swift in Sources */,
				EB0CF2A6295FBEDA000E96B7 /* AlbumPhotosView.swift in Sources */,
				EB0CF28C295BE2C7000E96B7 /* RESTService.swift in Sources */,
				EB0CF297295CAB42000E96B7 /* UsersActions.swift in Sources */,
				EB0CF288295BE108000E96B7 /* RESTServiceable.swift in Sources */,
				EB0CF29E295FAD4F000E96B7 /* AlbumsMiddleware.swift in Sources */,
			);
			runOnlyForDeploymentPostprocessing = 0;
		};
/* End PBXSourcesBuildPhase section */

/* Begin XCBuildConfiguration section */
		EB0CF264295BBA93000E96B7 /* Debug */ = {
			isa = XCBuildConfiguration;
			buildSettings = {
				ALWAYS_SEARCH_USER_PATHS = NO;
				CLANG_ANALYZER_NONNULL = YES;
				CLANG_ANALYZER_NUMBER_OBJECT_CONVERSION = YES_AGGRESSIVE;
				CLANG_CXX_LANGUAGE_STANDARD = "gnu++20";
				CLANG_ENABLE_MODULES = YES;
				CLANG_ENABLE_OBJC_ARC = YES;
				CLANG_ENABLE_OBJC_WEAK = YES;
				CLANG_WARN_BLOCK_CAPTURE_AUTORELEASING = YES;
				CLANG_WARN_BOOL_CONVERSION = YES;
				CLANG_WARN_COMMA = YES;
				CLANG_WARN_CONSTANT_CONVERSION = YES;
				CLANG_WARN_DEPRECATED_OBJC_IMPLEMENTATIONS = YES;
				CLANG_WARN_DIRECT_OBJC_ISA_USAGE = YES_ERROR;
				CLANG_WARN_DOCUMENTATION_COMMENTS = YES;
				CLANG_WARN_EMPTY_BODY = YES;
				CLANG_WARN_ENUM_CONVERSION = YES;
				CLANG_WARN_INFINITE_RECURSION = YES;
				CLANG_WARN_INT_CONVERSION = YES;
				CLANG_WARN_NON_LITERAL_NULL_CONVERSION = YES;
				CLANG_WARN_OBJC_IMPLICIT_RETAIN_SELF = YES;
				CLANG_WARN_OBJC_LITERAL_CONVERSION = YES;
				CLANG_WARN_OBJC_ROOT_CLASS = YES_ERROR;
				CLANG_WARN_QUOTED_INCLUDE_IN_FRAMEWORK_HEADER = YES;
				CLANG_WARN_RANGE_LOOP_ANALYSIS = YES;
				CLANG_WARN_STRICT_PROTOTYPES = YES;
				CLANG_WARN_SUSPICIOUS_MOVE = YES;
				CLANG_WARN_UNGUARDED_AVAILABILITY = YES_AGGRESSIVE;
				CLANG_WARN_UNREACHABLE_CODE = YES;
				CLANG_WARN__DUPLICATE_METHOD_MATCH = YES;
				COPY_PHASE_STRIP = NO;
				DEBUG_INFORMATION_FORMAT = dwarf;
				ENABLE_STRICT_OBJC_MSGSEND = YES;
				ENABLE_TESTABILITY = YES;
				GCC_C_LANGUAGE_STANDARD = gnu11;
				GCC_DYNAMIC_NO_PIC = NO;
				GCC_NO_COMMON_BLOCKS = YES;
				GCC_OPTIMIZATION_LEVEL = 0;
				GCC_PREPROCESSOR_DEFINITIONS = (
					"DEBUG=1",
					"$(inherited)",
				);
				GCC_WARN_64_TO_32_BIT_CONVERSION = YES;
				GCC_WARN_ABOUT_RETURN_TYPE = YES_ERROR;
				GCC_WARN_UNDECLARED_SELECTOR = YES;
				GCC_WARN_UNINITIALIZED_AUTOS = YES_AGGRESSIVE;
				GCC_WARN_UNUSED_FUNCTION = YES;
				GCC_WARN_UNUSED_VARIABLE = YES;
				IPHONEOS_DEPLOYMENT_TARGET = 16.2;
				MTL_ENABLE_DEBUG_INFO = INCLUDE_SOURCE;
				MTL_FAST_MATH = YES;
				ONLY_ACTIVE_ARCH = YES;
				SDKROOT = iphoneos;
				SWIFT_ACTIVE_COMPILATION_CONDITIONS = DEBUG;
				SWIFT_OPTIMIZATION_LEVEL = "-Onone";
			};
			name = Debug;
		};
		EB0CF265295BBA93000E96B7 /* Release */ = {
			isa = XCBuildConfiguration;
			buildSettings = {
				ALWAYS_SEARCH_USER_PATHS = NO;
				CLANG_ANALYZER_NONNULL = YES;
				CLANG_ANALYZER_NUMBER_OBJECT_CONVERSION = YES_AGGRESSIVE;
				CLANG_CXX_LANGUAGE_STANDARD = "gnu++20";
				CLANG_ENABLE_MODULES = YES;
				CLANG_ENABLE_OBJC_ARC = YES;
				CLANG_ENABLE_OBJC_WEAK = YES;
				CLANG_WARN_BLOCK_CAPTURE_AUTORELEASING = YES;
				CLANG_WARN_BOOL_CONVERSION = YES;
				CLANG_WARN_COMMA = YES;
				CLANG_WARN_CONSTANT_CONVERSION = YES;
				CLANG_WARN_DEPRECATED_OBJC_IMPLEMENTATIONS = YES;
				CLANG_WARN_DIRECT_OBJC_ISA_USAGE = YES_ERROR;
				CLANG_WARN_DOCUMENTATION_COMMENTS = YES;
				CLANG_WARN_EMPTY_BODY = YES;
				CLANG_WARN_ENUM_CONVERSION = YES;
				CLANG_WARN_INFINITE_RECURSION = YES;
				CLANG_WARN_INT_CONVERSION = YES;
				CLANG_WARN_NON_LITERAL_NULL_CONVERSION = YES;
				CLANG_WARN_OBJC_IMPLICIT_RETAIN_SELF = YES;
				CLANG_WARN_OBJC_LITERAL_CONVERSION = YES;
				CLANG_WARN_OBJC_ROOT_CLASS = YES_ERROR;
				CLANG_WARN_QUOTED_INCLUDE_IN_FRAMEWORK_HEADER = YES;
				CLANG_WARN_RANGE_LOOP_ANALYSIS = YES;
				CLANG_WARN_STRICT_PROTOTYPES = YES;
				CLANG_WARN_SUSPICIOUS_MOVE = YES;
				CLANG_WARN_UNGUARDED_AVAILABILITY = YES_AGGRESSIVE;
				CLANG_WARN_UNREACHABLE_CODE = YES;
				CLANG_WARN__DUPLICATE_METHOD_MATCH = YES;
				COPY_PHASE_STRIP = NO;
				DEBUG_INFORMATION_FORMAT = "dwarf-with-dsym";
				ENABLE_NS_ASSERTIONS = NO;
				ENABLE_STRICT_OBJC_MSGSEND = YES;
				GCC_C_LANGUAGE_STANDARD = gnu11;
				GCC_NO_COMMON_BLOCKS = YES;
				GCC_WARN_64_TO_32_BIT_CONVERSION = YES;
				GCC_WARN_ABOUT_RETURN_TYPE = YES_ERROR;
				GCC_WARN_UNDECLARED_SELECTOR = YES;
				GCC_WARN_UNINITIALIZED_AUTOS = YES_AGGRESSIVE;
				GCC_WARN_UNUSED_FUNCTION = YES;
				GCC_WARN_UNUSED_VARIABLE = YES;
				IPHONEOS_DEPLOYMENT_TARGET = 16.2;
				MTL_ENABLE_DEBUG_INFO = NO;
				MTL_FAST_MATH = YES;
				SDKROOT = iphoneos;
				SWIFT_COMPILATION_MODE = wholemodule;
				SWIFT_OPTIMIZATION_LEVEL = "-O";
				VALIDATE_PRODUCT = YES;
			};
			name = Release;
		};
		EB0CF267295BBA93000E96B7 /* Debug */ = {
			isa = XCBuildConfiguration;
			buildSettings = {
				ASSETCATALOG_COMPILER_APPICON_NAME = AppIcon;
				ASSETCATALOG_COMPILER_GLOBAL_ACCENT_COLOR_NAME = AccentColor;
				CODE_SIGN_STYLE = Automatic;
				CURRENT_PROJECT_VERSION = 1;
				DEVELOPMENT_ASSET_PATHS = "\"ReduxJP/Preview Content\"";
				DEVELOPMENT_TEAM = Q4X8GBD5XV;
				ENABLE_PREVIEWS = YES;
				GENERATE_INFOPLIST_FILE = YES;
				INFOPLIST_FILE = ReduxJP/Info.plist;
				INFOPLIST_KEY_UIApplicationSupportsIndirectInputEvents = YES;
				INFOPLIST_KEY_UILaunchScreen_Generation = YES;
				INFOPLIST_KEY_UISupportedInterfaceOrientations_iPad = "UIInterfaceOrientationPortrait UIInterfaceOrientationPortraitUpsideDown UIInterfaceOrientationLandscapeLeft UIInterfaceOrientationLandscapeRight";
				INFOPLIST_KEY_UISupportedInterfaceOrientations_iPhone = "UIInterfaceOrientationPortrait UIInterfaceOrientationLandscapeLeft UIInterfaceOrientationLandscapeRight";
				LD_RUNPATH_SEARCH_PATHS = (
					"$(inherited)",
					"@executable_path/Frameworks",
				);
				MARKETING_VERSION = 1.0;
				PRODUCT_BUNDLE_IDENTIFIER = com.example.ReduxJP;
				PRODUCT_NAME = "$(TARGET_NAME)";
				SWIFT_EMIT_LOC_STRINGS = YES;
				SWIFT_VERSION = 5.0;
				TARGETED_DEVICE_FAMILY = "1,2";
			};
			name = Debug;
		};
		EB0CF268295BBA93000E96B7 /* Release */ = {
			isa = XCBuildConfiguration;
			buildSettings = {
				ASSETCATALOG_COMPILER_APPICON_NAME = AppIcon;
				ASSETCATALOG_COMPILER_GLOBAL_ACCENT_COLOR_NAME = AccentColor;
				CODE_SIGN_STYLE = Automatic;
				CURRENT_PROJECT_VERSION = 1;
				DEVELOPMENT_ASSET_PATHS = "\"ReduxJP/Preview Content\"";
				DEVELOPMENT_TEAM = Q4X8GBD5XV;
				ENABLE_PREVIEWS = YES;
				GENERATE_INFOPLIST_FILE = YES;
				INFOPLIST_FILE = ReduxJP/Info.plist;
				INFOPLIST_KEY_UIApplicationSupportsIndirectInputEvents = YES;
				INFOPLIST_KEY_UILaunchScreen_Generation = YES;
				INFOPLIST_KEY_UISupportedInterfaceOrientations_iPad = "UIInterfaceOrientationPortrait UIInterfaceOrientationPortraitUpsideDown UIInterfaceOrientationLandscapeLeft UIInterfaceOrientationLandscapeRight";
				INFOPLIST_KEY_UISupportedInterfaceOrientations_iPhone = "UIInterfaceOrientationPortrait UIInterfaceOrientationLandscapeLeft UIInterfaceOrientationLandscapeRight";
				LD_RUNPATH_SEARCH_PATHS = (
					"$(inherited)",
					"@executable_path/Frameworks",
				);
				MARKETING_VERSION = 1.0;
				PRODUCT_BUNDLE_IDENTIFIER = com.example.ReduxJP;
				PRODUCT_NAME = "$(TARGET_NAME)";
				SWIFT_EMIT_LOC_STRINGS = YES;
				SWIFT_VERSION = 5.0;
				TARGETED_DEVICE_FAMILY = "1,2";
			};
			name = Release;
		};
/* End XCBuildConfiguration section */

/* Begin XCConfigurationList section */
		EB0CF253295BBA92000E96B7 /* Build configuration list for PBXProject "ReduxJP" */ = {
			isa = XCConfigurationList;
			buildConfigurations = (
				EB0CF264295BBA93000E96B7 /* Debug */,
				EB0CF265295BBA93000E96B7 /* Release */,
			);
			defaultConfigurationIsVisible = 0;
			defaultConfigurationName = Release;
		};
		EB0CF266295BBA93000E96B7 /* Build configuration list for PBXNativeTarget "ReduxJP" */ = {
			isa = XCConfigurationList;
			buildConfigurations = (
				EB0CF267295BBA93000E96B7 /* Debug */,
				EB0CF268295BBA93000E96B7 /* Release */,
			);
			defaultConfigurationIsVisible = 0;
			defaultConfigurationName = Release;
		};
/* End XCConfigurationList section */
	};
	rootObject = EB0CF250295BBA92000E96B7 /* Project object */;
}
